
Microsoft Visual Studio Solution File, Format Version 12.00
# Visual Studio 15
Project("{FAE04EC0-301F-11D3-BF4B-00C04F79EFBC}") = "Assembly-CSharp", "Assembly-CSharp.csproj", "{32B2669D-2A36-69DD-C249-D5FD59C3B227}"
EndProject
Project("{FAE04EC0-301F-11D3-BF4B-00C04F79EFBC}") = "Assembly-CSharp-Editor", "Assembly-CSharp-Editor.csproj", "{175A7C86-6A76-1B73-83AC-97AE796BB6E2}"
EndProject
Global
	GlobalSection(SolutionConfigurationPlatforms) = preSolution
		Debug|Any CPU = Debug|Any CPU
		Release|Any CPU = Release|Any CPU
	EndGlobalSection
	GlobalSection(ProjectConfigurationPlatforms) = postSolution
		{32B2669D-2A36-69DD-C249-D5FD59C3B227}.Debug|Any CPU.ActiveCfg = Debug|Any CPU
		{32B2669D-2A36-69DD-C249-D5FD59C3B227}.Debug|Any CPU.Build.0 = Debug|Any CPU
		{32B2669D-2A36-69DD-C249-D5FD59C3B227}.Release|Any CPU.ActiveCfg = Release|Any CPU
		{32B2669D-2A36-69DD-C249-D5FD59C3B227}.Release|Any CPU.Build.0 = Release|Any CPU
		{175A7C86-6A76-1B73-83AC-97AE796BB6E2}.Debug|Any CPU.ActiveCfg = Debug|Any CPU
		{175A7C86-6A76-1B73-83AC-97AE796BB6E2}.Debug|Any CPU.Build.0 = Debug|Any CPU
		{175A7C86-6A76-1B73-83AC-97AE796BB6E2}.Release|Any CPU.ActiveCfg = Release|Any CPU
		{175A7C86-6A76-1B73-83AC-97AE796BB6E2}.Release|Any CPU.Build.0 = Release|Any CPU
	EndGlobalSection
	GlobalSection(SolutionProperties) = preSolution
		HideSolutionNode = FALSE
	EndGlobalSection
EndGlobal
